
Microsoft Visual Studio Solution File, Format Version 12.00
# Visual Studio Version 17
VisualStudioVersion = 17.2.32616.157
MinimumVisualStudioVersion = 10.0.40219.1
Project("{9A19103F-16F7-4668-BE54-9A1E7A4F7556}") = "eShopUserService", "Exercise2\eShopUserService.csproj", "{A886608C-018E-4CD9-856E-D37A63BAAF9E}"
EndProject
Global
	GlobalSection(SolutionConfigurationPlatforms) = preSolution
		Debug|Any CPU = Debug|Any CPU
		Release|Any CPU = Release|Any CPU
	EndGlobalSection
	GlobalSection(ProjectConfigurationPlatforms) = postSolution
		{A886608C-018E-4CD9-856E-D37A63BAAF9E}.Debug|Any CPU.ActiveCfg = Debug|Any CPU
		{A886608C-018E-4CD9-856E-D37A63BAAF9E}.Debug|Any CPU.Build.0 = Debug|Any CPU
		{A886608C-018E-4CD9-856E-D37A63BAAF9E}.Release|Any CPU.ActiveCfg = Release|Any CPU
		{A886608C-018E-4CD9-856E-D37A63BAAF9E}.Release|Any CPU.Build.0 = Release|Any CPU
	EndGlobalSection
	GlobalSection(SolutionProperties) = preSolution
		HideSolutionNode = FALSE
	EndGlobalSection
	GlobalSection(ExtensibilityGlobals) = postSolution
		SolutionGuid = {0789BE3A-DBA6-4322-B83B-CCCF31F57CFC}
	EndGlobalSection
EndGlobal
